// !$*UTF8*$!
{
	archiveVersion = 1;
	classes = {
	};
	objectVersion = 50;
	objects = {

/* Begin PBXBuildFile section */
		DDDC856722812BA800C6A4D9 /* AppDelegate.m in Sources */ = {isa = PBXBuildFile; fileRef = DDDC856622812BA800C6A4D9 /* AppDelegate.m */; };
		DDDC856F22812BAA00C6A4D9 /* Assets.xcassets in Resources */ = {isa = PBXBuildFile; fileRef = DDDC856E22812BAA00C6A4D9 /* Assets.xcassets */; };
		DDDC857222812BAA00C6A4D9 /* LaunchScreen.storyboard in Resources */ = {isa = PBXBuildFile; fileRef = DDDC857022812BAA00C6A4D9 /* LaunchScreen.storyboard */; };
		DDDC857522812BAA00C6A4D9 /* main.m in Sources */ = {isa = PBXBuildFile; fileRef = DDDC857422812BAA00C6A4D9 /* main.m */; };
		DDDC857C22812C1700C6A4D9 /* MainStoryboard.storyboard in Resources */ = {isa = PBXBuildFile; fileRef = DDDC857B22812C1700C6A4D9 /* MainStoryboard.storyboard */; };
		DDDC858322812C3500C6A4D9 /* Child2ViewController.m in Sources */ = {isa = PBXBuildFile; fileRef = DDDC857D22812C3300C6A4D9 /* Child2ViewController.m */; };
		DDDC858422812C3500C6A4D9 /* Child1ViewController.m in Sources */ = {isa = PBXBuildFile; fileRef = DDDC857E22812C3400C6A4D9 /* Child1ViewController.m */; };
		DDDC858522812C3500C6A4D9 /* ParentViewController.m in Sources */ = {isa = PBXBuildFile; fileRef = DDDC857F22812C3400C6A4D9 /* ParentViewController.m */; };
/* End PBXBuildFile section */

/* Begin PBXFileReference section */
		DDDC856222812BA800C6A4D9 /* StateRestoreChildViews.app */ = {isa = PBXFileReference; explicitFileType = wrapper.application; includeInIndex = 0; path = StateRestoreChildViews.app; sourceTree = BUILT_PRODUCTS_DIR; };
		DDDC856522812BA800C6A4D9 /* AppDelegate.h */ = {isa = PBXFileReference; lastKnownFileType = sourcecode.c.h; path = AppDelegate.h; sourceTree = "<group>"; };
		DDDC856622812BA800C6A4D9 /* AppDelegate.m */ = {isa = PBXFileReference; lastKnownFileType = sourcecode.c.objc; path = AppDelegate.m; sourceTree = "<group>"; };
		DDDC856E22812BAA00C6A4D9 /* Assets.xcassets */ = {isa = PBXFileReference; lastKnownFileType = folder.assetcatalog; path = Assets.xcassets; sourceTree = "<group>"; };
		DDDC857122812BAA00C6A4D9 /* Base */ = {isa = PBXFileReference; lastKnownFileType = file.storyboard; name = Base; path = Base.lproj/LaunchScreen.storyboard; sourceTree = "<group>"; };
		DDDC857322812BAA00C6A4D9 /* Info.plist */ = {isa = PBXFileReference; lastKnownFileType = text.plist.xml; path = Info.plist; sourceTree = "<group>"; };
		DDDC857422812BAA00C6A4D9 /* main.m */ = {isa = PBXFileReference; lastKnownFileType = sourcecode.c.objc; path = main.m; sourceTree = "<group>"; };
		DDDC857B22812C1700C6A4D9 /* MainStoryboard.storyboard */ = {isa = PBXFileReference; fileEncoding = 4; lastKnownFileType = file.storyboard; path = MainStoryboard.storyboard; sourceTree = "<group>"; };
		DDDC857D22812C3300C6A4D9 /* Child2ViewController.m */ = {isa = PBXFileReference; fileEncoding = 4; lastKnownFileType = sourcecode.c.objc; path = Child2ViewController.m; sourceTree = "<group>"; };
		DDDC857E22812C3400C6A4D9 /* Child1ViewController.m */ = {isa = PBXFileReference; fileEncoding = 4; lastKnownFileType = sourcecode.c.objc; path = Child1ViewController.m; sourceTree = "<group>"; };
		DDDC857F22812C3400C6A4D9 /* ParentViewController.m */ = {isa = PBXFileReference; fileEncoding = 4; lastKnownFileType = sourcecode.c.objc; path = ParentViewController.m; sourceTree = "<group>"; };
		DDDC858022812C3400C6A4D9 /* Child2ViewController.h */ = {isa = PBXFileReference; fileEncoding = 4; lastKnownFileType = sourcecode.c.h; path = Child2ViewController.h; sourceTree = "<group>"; };
		DDDC858122812C3500C6A4D9 /* Child1ViewController.h */ = {isa = PBXFileReference; fileEncoding = 4; lastKnownFileType = sourcecode.c.h; path = Child1ViewController.h; sourceTree = "<group>"; };
		DDDC858222812C3500C6A4D9 /* ParentViewController.h */ = {isa = PBXFileReference; fileEncoding = 4; lastKnownFileType = sourcecode.c.h; path = ParentViewController.h; sourceTree = "<group>"; };
/* End PBXFileReference section */

/* Begin PBXFrameworksBuildPhase section */
		DDDC855F22812BA800C6A4D9 /* Frameworks */ = {
			isa = PBXFrameworksBuildPhase;
			buildActionMask = 2147483647;
			files = (
			);
			runOnlyForDeploymentPostprocessing = 0;
		};
/* End PBXFrameworksBuildPhase section */

/* Begin PBXGroup section */
		DDDC855922812BA800C6A4D9 = {
			isa = PBXGroup;
			children = (
				DDDC856422812BA800C6A4D9 /* StateRestoreChildViews */,
				DDDC856322812BA800C6A4D9 /* Products */,
			);
			sourceTree = "<group>";
		};
		DDDC856322812BA800C6A4D9 /* Products */ = {
			isa = PBXGroup;
			children = (
				DDDC856222812BA800C6A4D9 /* StateRestoreChildViews.app */,
			);
			name = Products;
			sourceTree = "<group>";
		};
		DDDC856422812BA800C6A4D9 /* StateRestoreChildViews */ = {
			isa = PBXGroup;
			children = (
				DDDC858122812C3500C6A4D9 /* Child1ViewController.h */,
				DDDC857E22812C3400C6A4D9 /* Child1ViewController.m */,
				DDDC858022812C3400C6A4D9 /* Child2ViewController.h */,
				DDDC857D22812C3300C6A4D9 /* Child2ViewController.m */,
				DDDC858222812C3500C6A4D9 /* ParentViewController.h */,
				DDDC857F22812C3400C6A4D9 /* ParentViewController.m */,
				DDDC856522812BA800C6A4D9 /* AppDelegate.h */,
				DDDC856622812BA800C6A4D9 /* AppDelegate.m */,
				DDDC857B22812C1700C6A4D9 /* MainStoryboard.storyboard */,
				DDDC856E22812BAA00C6A4D9 /* Assets.xcassets */,
				DDDC857022812BAA00C6A4D9 /* LaunchScreen.storyboard */,
				DDDC857322812BAA00C6A4D9 /* Info.plist */,
				DDDC857422812BAA00C6A4D9 /* main.m */,
			);
			path = StateRestoreChildViews;
			sourceTree = "<group>";
		};
/* End PBXGroup section */

/* Begin PBXNativeTarget section */
		DDDC856122812BA800C6A4D9 /* StateRestoreChildViews */ = {
			isa = PBXNativeTarget;
			buildConfigurationList = DDDC857822812BAA00C6A4D9 /* Build configuration list for PBXNativeTarget "StateRestoreChildViews" */;
			buildPhases = (
				DDDC855E22812BA800C6A4D9 /* Sources */,
				DDDC855F22812BA800C6A4D9 /* Frameworks */,
				DDDC856022812BA800C6A4D9 /* Resources */,
			);
			buildRules = (
			);
			dependencies = (
			);
			name = StateRestoreChildViews;
			productName = StateRestoreChildViews;
			productReference = DDDC856222812BA800C6A4D9 /* StateRestoreChildViews.app */;
			productType = "com.apple.product-type.application";
		};
/* End PBXNativeTarget section */

/* Begin PBXProject section */
		DDDC855A22812BA800C6A4D9 /* Project object */ = {
			isa = PBXProject;
			attributes = {
				LastUpgradeCheck = 0940;
				ORGANIZATIONNAME = Mr.Zhang;
				TargetAttributes = {
					DDDC856122812BA800C6A4D9 = {
						CreatedOnToolsVersion = 9.4;
					};
				};
			};
			buildConfigurationList = DDDC855D22812BA800C6A4D9 /* Build configuration list for PBXProject "StateRestoreChildViews" */;
			compatibilityVersion = "Xcode 9.3";
			developmentRegion = en;
			hasScannedForEncodings = 0;
			knownRegions = (
				en,
				Base,
			);
			mainGroup = DDDC855922812BA800C6A4D9;
			productRefGroup = DDDC856322812BA800C6A4D9 /* Products */;
			projectDirPath = "";
			projectRoot = "";
			targets = (
				DDDC856122812BA800C6A4D9 /* StateRestoreChildViews */,
			);
		};
/* End PBXProject section */

/* Begin PBXResourcesBuildPhase section */
		DDDC856022812BA800C6A4D9 /* Resources */ = {
			isa = PBXResourcesBuildPhase;
			buildActionMask = 2147483647;
			files = (
				DDDC857C22812C1700C6A4D9 /* MainStoryboard.storyboard in Resources */,
				DDDC857222812BAA00C6A4D9 /* LaunchScreen.storyboard in Resources */,
				DDDC856F22812BAA00C6A4D9 /* Assets.xcassets in Resources */,
			);
			runOnlyForDeploymentPostprocessing = 0;
		};
/* End PBXResourcesBuildPhase section */

/* Begin PBXSourcesBuildPhase section */
		DDDC855E22812BA800C6A4D9 /* Sources */ = {
			isa = PBXSourcesBuildPhase;
			buildActionMask = 2147483647;
			files = (
				DDDC858422812C3500C6A4D9 /* Child1ViewController.m in Sources */,
				DDDC858522812C3500C6A4D9 /* ParentViewController.m in Sources */,
				DDDC857522812BAA00C6A4D9 /* main.m in Sources */,
				DDDC858322812C3500C6A4D9 /* Child2ViewController.m in Sources */,
				DDDC856722812BA800C6A4D9 /* AppDelegate.m in Sources */,
			);
			runOnlyForDeploymentPostprocessing = 0;
		};
/* End PBXSourcesBuildPhase section */

/* Begin PBXVariantGroup section */
		DDDC857022812BAA00C6A4D9 /* LaunchScreen.storyboard */ = {
			isa = PBXVariantGroup;
			children = (
				DDDC857122812BAA00C6A4D9 /* Base */,
			);
			name = LaunchScreen.storyboard;
			sourceTree = "<group>";
		};
/* End PBXVariantGroup section */

/* Begin XCBuildConfiguration section */
		DDDC857622812BAA00C6A4D9 /* Debug */ = {
			isa = XCBuildConfiguration;
			buildSettings = {
				ALWAYS_SEARCH_USER_PATHS = NO;
				CLANG_ANALYZER_NONNULL = YES;
				CLANG_ANALYZER_NUMBER_OBJECT_CONVERSION = YES_AGGRESSIVE;
				CLANG_CXX_LANGUAGE_STANDARD = "gnu++14";
				CLANG_CXX_LIBRARY = "libc++";
				CLANG_ENABLE_MODULES = YES;
				CLANG_ENABLE_OBJC_ARC = YES;
				CLANG_ENABLE_OBJC_WEAK = YES;
				CLANG_WARN_BLOCK_CAPTURE_AUTORELEASING = YES;
				CLANG_WARN_BOOL_CONVERSION = YES;
				CLANG_WARN_COMMA = YES;
				CLANG_WARN_CONSTANT_CONVERSION = YES;
				CLANG_WARN_DEPRECATED_OBJC_IMPLEMENTATIONS = YES;
				CLANG_WARN_DIRECT_OBJC_ISA_USAGE = YES_ERROR;
				CLANG_WARN_DOCUMENTATION_COMMENTS = YES;
				CLANG_WARN_EMPTY_BODY = YES;
				CLANG_WARN_ENUM_CONVERSION = YES;
				CLANG_WARN_INFINITE_RECURSION = YES;
				CLANG_WARN_INT_CONVERSION = YES;
				CLANG_WARN_NON_LITERAL_NULL_CONVERSION = YES;
				CLANG_WARN_OBJC_IMPLICIT_RETAIN_SELF = YES;
				CLANG_WARN_OBJC_LITERAL_CONVERSION = YES;
				CLANG_WARN_OBJC_ROOT_CLASS = YES_ERROR;
				CLANG_WARN_RANGE_LOOP_ANALYSIS = YES;
				CLANG_WARN_STRICT_PROTOTYPES = YES;
				CLANG_WARN_SUSPICIOUS_MOVE = YES;
				CLANG_WARN_UNGUARDED_AVAILABILITY = YES_AGGRESSIVE;
				CLANG_WARN_UNREACHABLE_CODE = YES;
				CLANG_WARN__DUPLICATE_METHOD_MATCH = YES;
				CODE_SIGN_IDENTITY = "iPhone Developer";
				COPY_PHASE_STRIP = NO;
				DEBUG_INFORMATION_FORMAT = dwarf;
				ENABLE_STRICT_OBJC_MSGSEND = YES;
				ENABLE_TESTABILITY = YES;
				GCC_C_LANGUAGE_STANDARD = gnu11;
				GCC_DYNAMIC_NO_PIC = NO;
				GCC_NO_COMMON_BLOCKS = YES;
				GCC_OPTIMIZATION_LEVEL = 0;
				GCC_PREPROCESSOR_DEFINITIONS = (
					"DEBUG=1",
					"$(inherited)",
				);
				GCC_WARN_64_TO_32_BIT_CONVERSION = YES;
				GCC_WARN_ABOUT_RETURN_TYPE = YES_ERROR;
				GCC_WARN_UNDECLARED_SELECTOR = YES;
				GCC_WARN_UNINITIALIZED_AUTOS = YES_AGGRESSIVE;
				GCC_WARN_UNUSED_FUNCTION = YES;
				GCC_WARN_UNUSED_VARIABLE = YES;
				IPHONEOS_DEPLOYMENT_TARGET = 11.4;
				MTL_ENABLE_DEBUG_INFO = YES;
				ONLY_ACTIVE_ARCH = YES;
				SDKROOT = iphoneos;
			};
			name = Debug;
		};
		DDDC857722812BAA00C6A4D9 /* Release */ = {
			isa = XCBuildConfiguration;
			buildSettings = {
				ALWAYS_SEARCH_USER_PATHS = NO;
				CLANG_ANALYZER_NONNULL = YES;
				CLANG_ANALYZER_NUMBER_OBJECT_CONVERSION = YES_AGGRESSIVE;
				CLANG_CXX_LANGUAGE_STANDARD = "gnu++14";
				CLANG_CXX_LIBRARY = "libc++";
				CLANG_ENABLE_MODULES = YES;
				CLANG_ENABLE_OBJC_ARC = YES;
				CLANG_ENABLE_OBJC_WEAK = YES;
				CLANG_WARN_BLOCK_CAPTURE_AUTORELEASING = YES;
				CLANG_WARN_BOOL_CONVERSION = YES;
				CLANG_WARN_COMMA = YES;
				CLANG_WARN_CONSTANT_CONVERSION = YES;
				CLANG_WARN_DEPRECATED_OBJC_IMPLEMENTATIONS = YES;
				CLANG_WARN_DIRECT_OBJC_ISA_USAGE = YES_ERROR;
				CLANG_WARN_DOCUMENTATION_COMMENTS = YES;
				CLANG_WARN_EMPTY_BODY = YES;
				CLANG_WARN_ENUM_CONVERSION = YES;
				CLANG_WARN_INFINITE_RECURSION = YES;
				CLANG_WARN_INT_CONVERSION = YES;
				CLANG_WARN_NON_LITERAL_NULL_CONVERSION = YES;
				CLANG_WARN_OBJC_IMPLICIT_RETAIN_SELF = YES;
				CLANG_WARN_OBJC_LITERAL_CONVERSION = YES;
				CLANG_WARN_OBJC_ROOT_CLASS = YES_ERROR;
				CLANG_WARN_RANGE_LOOP_ANALYSIS = YES;
				CLANG_WARN_STRICT_PROTOTYPES = YES;
				CLANG_WARN_SUSPICIOUS_MOVE = YES;
				CLANG_WARN_UNGUARDED_AVAILABILITY = YES_AGGRESSIVE;
				CLANG_WARN_UNREACHABLE_CODE = YES;
				CLANG_WARN__DUPLICATE_METHOD_MATCH = YES;
				CODE_SIGN_IDENTITY = "iPhone Developer";
				COPY_PHASE_STRIP = NO;
				DEBUG_INFORMATION_FORMAT = "dwarf-with-dsym";
				ENABLE_NS_ASSERTIONS = NO;
				ENABLE_STRICT_OBJC_MSGSEND = YES;
				GCC_C_LANGUAGE_STANDARD = gnu11;
				GCC_NO_COMMON_BLOCKS = YES;
				GCC_WARN_64_TO_32_BIT_CONVERSION = YES;
				GCC_WARN_ABOUT_RETURN_TYPE = YES_ERROR;
				GCC_WARN_UNDECLARED_SELECTOR = YES;
				GCC_WARN_UNINITIALIZED_AUTOS = YES_AGGRESSIVE;
				GCC_WARN_UNUSED_FUNCTION = YES;
				GCC_WARN_UNUSED_VARIABLE = YES;
				IPHONEOS_DEPLOYMENT_TARGET = 11.4;
				MTL_ENABLE_DEBUG_INFO = NO;
				SDKROOT = iphoneos;
				VALIDATE_PRODUCT = YES;
			};
			name = Release;
		};
		DDDC857922812BAA00C6A4D9 /* Debug */ = {
			isa = XCBuildConfiguration;
			buildSettings = {
				ASSETCATALOG_COMPILER_APPICON_NAME = AppIcon;
				CODE_SIGN_STYLE = Automatic;
				DEVELOPMENT_TEAM = AD86B6NG2D;
				INFOPLIST_FILE = StateRestoreChildViews/Info.plist;
				LD_RUNPATH_SEARCH_PATHS = (
					"$(inherited)",
					"@executable_path/Frameworks",
				);
				PRODUCT_BUNDLE_IDENTIFIER = zhang.jin.rong.StateRestoreChildViews;
				PRODUCT_NAME = "$(TARGET_NAME)";
				TARGETED_DEVICE_FAMILY = 1;
			};
			name = Debug;
		};
		DDDC857A22812BAA00C6A4D9 /* Release */ = {
			isa = XCBuildConfiguration;
			buildSettings = {
				ASSETCATALOG_COMPILER_APPICON_NAME = AppIcon;
				CODE_SIGN_STYLE = Automatic;
				DEVELOPMENT_TEAM = AD86B6NG2D;
				INFOPLIST_FILE = StateRestoreChildViews/Info.plist;
				LD_RUNPATH_SEARCH_PATHS = (
					"$(inherited)",
					"@executable_path/Frameworks",
				);
				PRODUCT_BUNDLE_IDENTIFIER = zhang.jin.rong.StateRestoreChildViews;
				PRODUCT_NAME = "$(TARGET_NAME)";
				TARGETED_DEVICE_FAMILY = 1;
			};
			name = Release;
		};
/* End XCBuildConfiguration section */

/* Begin XCConfigurationList section */
		DDDC855D22812BA800C6A4D9 /* Build configuration list for PBXProject "StateRestoreChildViews" */ = {
			isa = XCConfigurationList;
			buildConfigurations = (
				DDDC857622812BAA00C6A4D9 /* Debug */,
				DDDC857722812BAA00C6A4D9 /* Release */,
			);
			defaultConfigurationIsVisible = 0;
			defaultConfigurationName = Release;
		};
		DDDC857822812BAA00C6A4D9 /* Build configuration list for PBXNativeTarget "StateRestoreChildViews" */ = {
			isa = XCConfigurationList;
			buildConfigurations = (
				DDDC857922812BAA00C6A4D9 /* Debug */,
				DDDC857A22812BAA00C6A4D9 /* Release */,
			);
			defaultConfigurationIsVisible = 0;
			defaultConfigurationName = Release;
		};
/* End XCConfigurationList section */
	};
	rootObject = DDDC855A22812BA800C6A4D9 /* Project object */;
}
